
Microsoft Visual Studio Solution File, Format Version 12.00
# Visual Studio Version 16
VisualStudioVersion = 16.0.31529.145
MinimumVisualStudioVersion = 10.0.40219.1
Project("{9A19103F-16F7-4668-BE54-9A1E7A4F7556}") = "SensitiveBot", "SensitiveBot.csproj", "{67BB9C4D-1C2B-4AB8-93BB-70A10ED2B3B5}"
EndProject
Global
	GlobalSection(SolutionConfigurationPlatforms) = preSolution
		Debug|Any CPU = Debug|Any CPU
		Release|Any CPU = Release|Any CPU
	EndGlobalSection
	GlobalSection(ProjectConfigurationPlatforms) = postSolution
		{67BB9C4D-1C2B-4AB8-93BB-70A10ED2B3B5}.Debug|Any CPU.ActiveCfg = Debug|Any CPU
		{67BB9C4D-1C2B-4AB8-93BB-70A10ED2B3B5}.Debug|Any CPU.Build.0 = Debug|Any CPU
		{67BB9C4D-1C2B-4AB8-93BB-70A10ED2B3B5}.Release|Any CPU.ActiveCfg = Release|Any CPU
		{67BB9C4D-1C2B-4AB8-93BB-70A10ED2B3B5}.Release|Any CPU.Build.0 = Release|Any CPU
	EndGlobalSection
	GlobalSection(SolutionProperties) = preSolution
		HideSolutionNode = FALSE
	EndGlobalSection
	GlobalSection(ExtensibilityGlobals) = postSolution
		SolutionGuid = {90A3CC00-64BB-42DE-95D0-E230076433E3}
	EndGlobalSection
EndGlobal
